<?xml version="1.0" encoding="utf-8"?>
<Project ToolsVersion="4.0" xmlns="http://schemas.microsoft.com/developer/msbuild/2003">
  <ItemGroup>
    <Filter Include="Source Files">
      <UniqueIdentifier>{4FC737F1-C7A5-4376-A066-2A32D752A2FF}</UniqueIdentifier>
      <Extensions>cpp;c;cc;cxx;def;odl;idl;hpj;bat;asm;asmx</Extensions>
    </Filter>
    <Filter Include="Source Files\Rendering">
      <UniqueIdentifier>{6552284d-d93e-4d64-9b42-7815c1626ca1}</UniqueIdentifier>
    </Filter>
    <Filter Include="Source Files\Assets">
      <UniqueIdentifier>{1c7f2e4b-1128-4efe-8535-29d5422c14da}</UniqueIdentifier>
    </Filter>
    <Filter Include="Source Files\Input">
      <UniqueIdentifier>{496ac251-7dbd-49b2-8ace-b91eed0b77fd}</UniqueIdentifier>
    </Filter>
    <Filter Include="Source Files\Voxels">
      <UniqueIdentifier>{050d9788-a7c2-4e6d-b55e-10859f4f88ab}</UniqueIdentifier>
    </Filter>
    <Filter Include="Source Files\Debug">
      <UniqueIdentifier>{c2fc76a3-f2da-40b7-85d5-bab7ee9117d8}</UniqueIdentifier>
    </Filter>
    <Filter Include="Source Files\Core">
      <UniqueIdentifier>{7f197beb-a365-47e2-90d7-eb6c9e296593}</UniqueIdentifier>
    </Filter>
    <Filter Include="Source Files\Lua">
      <UniqueIdentifier>{6a94925c-6b8e-44dd-93f4-66ae8b7b5632}</UniqueIdentifier>
    </Filter>
  </ItemGroup>
  <ItemGroup>
    <ClCompile Include="main.cpp">
      <Filter>Source Files</Filter>
    </ClCompile>
    <ClCompile Include="Shader.cpp">
      <Filter>Source Files\Rendering</Filter>
    </ClCompile>
    <ClCompile Include="Camera.cpp">
      <Filter>Source Files\Rendering</Filter>
    </ClCompile>
    <ClCompile Include="Texture.cpp">
      <Filter>Source Files\Assets</Filter>
    </ClCompile>
    <ClCompile Include="Input.cpp">
      <Filter>Source Files\Input</Filter>
    </ClCompile>
    <ClCompile Include="Chunk.cpp">
      <Filter>Source Files\Voxels</Filter>
    </ClCompile>
    <ClCompile Include="Font.cpp">
      <Filter>Source Files\Assets</Filter>
    </ClCompile>
    <ClCompile Include="Graphics.cpp">
      <Filter>Source Files\Rendering</Filter>
    </ClCompile>
    <ClCompile Include="Log.cpp">
      <Filter>Source Files\Debug</Filter>
    </ClCompile>
    <ClCompile Include="Console.cpp">
      <Filter>Source Files\Rendering</Filter>
    </ClCompile>
    <ClCompile Include="DebugShapes.cpp">
      <Filter>Source Files\Debug</Filter>
    </ClCompile>
    <ClCompile Include="Frustum.cpp">
      <Filter>Source Files\Rendering</Filter>
    </ClCompile>
    <ClCompile Include="LuaBinds.cpp">
      <Filter>Source Files\Lua</Filter>
    </ClCompile>
    <ClCompile Include="LuaAssets.cpp">
      <Filter>Source Files\Lua</Filter>
    </ClCompile>
    <ClCompile Include="LuaInput.cpp">
      <Filter>Source Files\Lua</Filter>
    </ClCompile>
    <ClCompile Include="LuaRendering.cpp">
      <Filter>Source Files\Lua</Filter>
    </ClCompile>
    <ClCompile Include="LuaVoxels.cpp">
      <Filter>Source Files\Lua</Filter>
    </ClCompile>
    <ClCompile Include="LuaDebug.cpp">
      <Filter>Source Files\Lua</Filter>
    </ClCompile>
  </ItemGroup>
  <ItemGroup>
    <ClInclude Include="Shader.h">
      <Filter>Source Files\Rendering</Filter>
    </ClInclude>
    <ClInclude Include="BaseIncludes.h">
      <Filter>Source Files</Filter>
    </ClInclude>
    <ClInclude Include="Camera.h">
      <Filter>Source Files\Rendering</Filter>
    </ClInclude>
    <ClInclude Include="Texture.h">
      <Filter>Source Files\Assets</Filter>
    </ClInclude>
    <ClInclude Include="Input.h">
      <Filter>Source Files\Input</Filter>
    </ClInclude>
    <ClInclude Include="Chunk.h">
      <Filter>Source Files\Voxels</Filter>
    </ClInclude>
    <ClInclude Include="Font.h">
      <Filter>Source Files\Assets</Filter>
    </ClInclude>
    <ClInclude Include="Graphics.h">
      <Filter>Source Files\Rendering</Filter>
    </ClInclude>
    <ClInclude Include="Log.h">
      <Filter>Source Files\Debug</Filter>
    </ClInclude>
    <ClInclude Include="Array.h">
      <Filter>Source Files\Core</Filter>
    </ClInclude>
    <ClInclude Include="Console.h">
      <Filter>Source Files\Rendering</Filter>
    </ClInclude>
    <ClInclude Include="DebugShapes.h">
      <Filter>Source Files\Debug</Filter>
    </ClInclude>
    <ClInclude Include="Frustum.h">
      <Filter>Source Files\Rendering</Filter>
    </ClInclude>
    <ClInclude Include="CoreData.h">
      <Filter>Source Files\Core</Filter>
    </ClInclude>
    <ClInclude Include="Swap.h">
      <Filter>Source Files\Core</Filter>
    </ClInclude>
    <ClInclude Include="SwapArray.h">
      <Filter>Source Files\Core</Filter>
    </ClInclude>
    <ClInclude Include="LuaBinds.h">
      <Filter>Source Files\Lua</Filter>
    </ClInclude>
    <ClInclude Include="LuaAssets.h">
      <Filter>Source Files\Lua</Filter>
    </ClInclude>
    <ClInclude Include="LuaInput.h">
      <Filter>Source Files\Lua</Filter>
    </ClInclude>
    <ClInclude Include="LuaRendering.h">
      <Filter>Source Files\Lua</Filter>
    </ClInclude>
    <ClInclude Include="LuaVoxels.h">
      <Filter>Source Files\Lua</Filter>
    </ClInclude>
    <ClInclude Include="LuaDebug.h">
      <Filter>Source Files\Lua</Filter>
    </ClInclude>
  </ItemGroup>
</Project>